
Microsoft Visual Studio Solution File, Format Version 12.00
# Visual Studio Version 16
VisualStudioVersion = 16.0.31624.102
MinimumVisualStudioVersion = 10.0.40219.1
Project("{2150E333-8FDC-42A3-9474-1A3956D46DE8}") = "01.Api.GateWay", "01.Api.GateWay", "{ABB921EE-0487-445B-882F-48378AC89C05}"
EndProject
Project("{2150E333-8FDC-42A3-9474-1A3956D46DE8}") = "02.Services", "02.Services", "{63A88456-9A51-45DD-A3BE-FE365C7A828E}"
EndProject
Project("{2150E333-8FDC-42A3-9474-1A3956D46DE8}") = "01.Identity", "01.Identity", "{29F5296B-5DAF-49AB-AE1F-91709879FC29}"
EndProject
Project("{2150E333-8FDC-42A3-9474-1A3956D46DE8}") = "02.Payments", "02.Payments", "{170F09B1-E395-4EE0-B664-0744A8DFB7DC}"
EndProject
Project("{2150E333-8FDC-42A3-9474-1A3956D46DE8}") = "03.Movies", "03.Movies", "{DE38ACF5-073E-4E5E-9B16-4C3CC1A2FCDC}"
EndProject
Project("{2150E333-8FDC-42A3-9474-1A3956D46DE8}") = "04.Customers", "04.Customers", "{4B35E118-62E1-4E04-BBFC-390F2A01B8C3}"
EndProject
Project("{9A19103F-16F7-4668-BE54-9A1E7A4F7556}") = "Customers.API", "src\services\Customer\Customers.API\Customers.API.csproj", "{FC35406E-0C52-4F0A-8A19-0D11A63EB93E}"
EndProject
Project("{2150E333-8FDC-42A3-9474-1A3956D46DE8}") = "01.API", "01.API", "{082EC6BB-3085-40EE-8B0C-1A32F25AD5C3}"
EndProject
Project("{2150E333-8FDC-42A3-9474-1A3956D46DE8}") = "02.Services", "02.Services", "{83CDB98A-E329-49CB-8EF6-34E4484ED36B}"
EndProject
Project("{2150E333-8FDC-42A3-9474-1A3956D46DE8}") = "03.Persistence", "03.Persistence", "{BA7C380B-03A8-498D-BEFC-DC80E71CB098}"
EndProject
Project("{2150E333-8FDC-42A3-9474-1A3956D46DE8}") = "04.Models", "04.Models", "{5A39BFC9-635B-4092-A6D1-E784AA3047AD}"
EndProject
Project("{9A19103F-16F7-4668-BE54-9A1E7A4F7556}") = "Customer.Domain", "src\services\Customer\Customer.Domain\Customer.Domain.csproj", "{CD05A48B-87B8-4698-AF13-F9D584E94B7D}"
EndProject
Project("{9A19103F-16F7-4668-BE54-9A1E7A4F7556}") = "Customers.Persistence.DataBase", "src\services\Customer\Customers.Persistence.DataBase\Customers.Persistence.DataBase.csproj", "{CF44C58E-DB9C-4DF8-97A5-E688DB4BE343}"
EndProject
Project("{9A19103F-16F7-4668-BE54-9A1E7A4F7556}") = "Customer.services.queries", "src\services\Customer\Customer.services.queries\Customer.services.queries.csproj", "{CE716C99-E105-47E2-BF60-325696653A72}"
EndProject
Project("{2150E333-8FDC-42A3-9474-1A3956D46DE8}") = "05.Common", "05.Common", "{669CD5D3-6650-4546-B1D7-B5D9C54BB4A7}"
EndProject
Project("{9A19103F-16F7-4668-BE54-9A1E7A4F7556}") = "Service.Common.Collection", "src\services\Service.Common.Collection\Service.Common.Collection.csproj", "{10C7486E-042A-4013-9B11-A3FB0B37E148}"
EndProject
Project("{9A19103F-16F7-4668-BE54-9A1E7A4F7556}") = "Service.Common.Mapping", "src\services\Service.Common.Mapping\Service.Common.Mapping.csproj", "{362F6472-4BA6-409A-8AB6-684D0550460C}"
EndProject
Project("{9A19103F-16F7-4668-BE54-9A1E7A4F7556}") = "Service.Common.Paging", "src\services\Service.Common.Paging\Service.Common.Paging.csproj", "{BBA0D0BE-F498-42E2-8554-771C184B8710}"
EndProject
Project("{9A19103F-16F7-4668-BE54-9A1E7A4F7556}") = "Customer.Service.EventHandlers", "src\services\Customer\Customer.Service.EventHandlers\Customer.Service.EventHandlers.csproj", "{51AD7699-DFBE-43A8-ABB1-D7DFFF9B31CD}"
EndProject
Project("{2150E333-8FDC-42A3-9474-1A3956D46DE8}") = "03.Resolver", "03.Resolver", "{F342A267-AE0A-43F1-AD1C-1B68825BE9D8}"
EndProject
Project("{9A19103F-16F7-4668-BE54-9A1E7A4F7556}") = "Makaya.Resolver", "src\Resolver\Makaya.Resolver\Makaya.Resolver.csproj", "{E5B9FF4B-CAF2-4266-8509-3B556536C860}"
EndProject
Project("{2150E333-8FDC-42A3-9474-1A3956D46DE8}") = "05. Testing", "05. Testing", "{6C8F536B-4B1B-437E-9CD6-7FA37C3D2B8B}"
EndProject
Project("{9A19103F-16F7-4668-BE54-9A1E7A4F7556}") = "Customer.Test", "src\services\Customer\Customer.Test\Customer.Test.csproj", "{7C54D5E9-D00F-4347-A71F-766CA8E63E96}"
EndProject
Project("{2150E333-8FDC-42A3-9474-1A3956D46DE8}") = "01.API", "01.API", "{4D14AE72-CC59-4D90-8425-49F4F4AF4173}"
EndProject
Project("{2150E333-8FDC-42A3-9474-1A3956D46DE8}") = "02.Services", "02.Services", "{BDDE28D9-BBB5-477B-B905-465A20958F7F}"
EndProject
Project("{2150E333-8FDC-42A3-9474-1A3956D46DE8}") = "03.Persistence", "03.Persistence", "{0CB98A81-16EA-478B-8491-A669D3D46B84}"
EndProject
Project("{2150E333-8FDC-42A3-9474-1A3956D46DE8}") = "04.Models", "04.Models", "{6911E0D4-BB7E-4B6C-A08F-0045FBCF9463}"
EndProject
Project("{9A19103F-16F7-4668-BE54-9A1E7A4F7556}") = "Identity.Domain", "src\services\Identity\Identity.Domain\Identity.Domain.csproj", "{462D78A7-C3DA-4805-9206-444FC1DBF29D}"
EndProject
Project("{9A19103F-16F7-4668-BE54-9A1E7A4F7556}") = "Identity.Service.EventHandlers", "src\services\Identity\Identity.Service.EventHandlers\Identity.Service.EventHandlers.csproj", "{40A5EFA0-F438-4CB2-8F38-40369681C8C5}"
EndProject
Project("{9A19103F-16F7-4668-BE54-9A1E7A4F7556}") = "Identity.Service.Queries", "src\services\Identity\Identity.Service.Queries\Identity.Service.Queries.csproj", "{9C058D17-0221-46BB-8D77-E1D121B6A2D4}"
EndProject
Project("{9A19103F-16F7-4668-BE54-9A1E7A4F7556}") = "Identity.Api", "src\services\Identity\Identity.Api\Identity.Api.csproj", "{F4D7C46F-1237-43BC-AEAB-E8DC8490D07A}"
EndProject
Project("{FAE04EC0-301F-11D3-BF4B-00C04F79EFBC}") = "Identity.Persistence.Database", "src\services\Identity\Identity.Persistence.Database\Identity.Persistence.Database.csproj", "{3CF76346-92FE-4A65-8F06-855F1085E296}"
EndProject
Global
	GlobalSection(SolutionConfigurationPlatforms) = preSolution
		Debug|Any CPU = Debug|Any CPU
		Release|Any CPU = Release|Any CPU
	EndGlobalSection
	GlobalSection(ProjectConfigurationPlatforms) = postSolution
		{FC35406E-0C52-4F0A-8A19-0D11A63EB93E}.Debug|Any CPU.ActiveCfg = Debug|Any CPU
		{FC35406E-0C52-4F0A-8A19-0D11A63EB93E}.Debug|Any CPU.Build.0 = Debug|Any CPU
		{FC35406E-0C52-4F0A-8A19-0D11A63EB93E}.Release|Any CPU.ActiveCfg = Release|Any CPU
		{FC35406E-0C52-4F0A-8A19-0D11A63EB93E}.Release|Any CPU.Build.0 = Release|Any CPU
		{CD05A48B-87B8-4698-AF13-F9D584E94B7D}.Debug|Any CPU.ActiveCfg = Debug|Any CPU
		{CD05A48B-87B8-4698-AF13-F9D584E94B7D}.Debug|Any CPU.Build.0 = Debug|Any CPU
		{CD05A48B-87B8-4698-AF13-F9D584E94B7D}.Release|Any CPU.ActiveCfg = Release|Any CPU
		{CD05A48B-87B8-4698-AF13-F9D584E94B7D}.Release|Any CPU.Build.0 = Release|Any CPU
		{CF44C58E-DB9C-4DF8-97A5-E688DB4BE343}.Debug|Any CPU.ActiveCfg = Debug|Any CPU
		{CF44C58E-DB9C-4DF8-97A5-E688DB4BE343}.Debug|Any CPU.Build.0 = Debug|Any CPU
		{CF44C58E-DB9C-4DF8-97A5-E688DB4BE343}.Release|Any CPU.ActiveCfg = Release|Any CPU
		{CF44C58E-DB9C-4DF8-97A5-E688DB4BE343}.Release|Any CPU.Build.0 = Release|Any CPU
		{CE716C99-E105-47E2-BF60-325696653A72}.Debug|Any CPU.ActiveCfg = Debug|Any CPU
		{CE716C99-E105-47E2-BF60-325696653A72}.Debug|Any CPU.Build.0 = Debug|Any CPU
		{CE716C99-E105-47E2-BF60-325696653A72}.Release|Any CPU.ActiveCfg = Release|Any CPU
		{CE716C99-E105-47E2-BF60-325696653A72}.Release|Any CPU.Build.0 = Release|Any CPU
		{10C7486E-042A-4013-9B11-A3FB0B37E148}.Debug|Any CPU.ActiveCfg = Debug|Any CPU
		{10C7486E-042A-4013-9B11-A3FB0B37E148}.Debug|Any CPU.Build.0 = Debug|Any CPU
		{10C7486E-042A-4013-9B11-A3FB0B37E148}.Release|Any CPU.ActiveCfg = Release|Any CPU
		{10C7486E-042A-4013-9B11-A3FB0B37E148}.Release|Any CPU.Build.0 = Release|Any CPU
		{362F6472-4BA6-409A-8AB6-684D0550460C}.Debug|Any CPU.ActiveCfg = Debug|Any CPU
		{362F6472-4BA6-409A-8AB6-684D0550460C}.Debug|Any CPU.Build.0 = Debug|Any CPU
		{362F6472-4BA6-409A-8AB6-684D0550460C}.Release|Any CPU.ActiveCfg = Release|Any CPU
		{362F6472-4BA6-409A-8AB6-684D0550460C}.Release|Any CPU.Build.0 = Release|Any CPU
		{BBA0D0BE-F498-42E2-8554-771C184B8710}.Debug|Any CPU.ActiveCfg = Debug|Any CPU
		{BBA0D0BE-F498-42E2-8554-771C184B8710}.Debug|Any CPU.Build.0 = Debug|Any CPU
		{BBA0D0BE-F498-42E2-8554-771C184B8710}.Release|Any CPU.ActiveCfg = Release|Any CPU
		{BBA0D0BE-F498-42E2-8554-771C184B8710}.Release|Any CPU.Build.0 = Release|Any CPU
		{51AD7699-DFBE-43A8-ABB1-D7DFFF9B31CD}.Debug|Any CPU.ActiveCfg = Debug|Any CPU
		{51AD7699-DFBE-43A8-ABB1-D7DFFF9B31CD}.Debug|Any CPU.Build.0 = Debug|Any CPU
		{51AD7699-DFBE-43A8-ABB1-D7DFFF9B31CD}.Release|Any CPU.ActiveCfg = Release|Any CPU
		{51AD7699-DFBE-43A8-ABB1-D7DFFF9B31CD}.Release|Any CPU.Build.0 = Release|Any CPU
		{E5B9FF4B-CAF2-4266-8509-3B556536C860}.Debug|Any CPU.ActiveCfg = Debug|Any CPU
		{E5B9FF4B-CAF2-4266-8509-3B556536C860}.Debug|Any CPU.Build.0 = Debug|Any CPU
		{E5B9FF4B-CAF2-4266-8509-3B556536C860}.Release|Any CPU.ActiveCfg = Release|Any CPU
		{E5B9FF4B-CAF2-4266-8509-3B556536C860}.Release|Any CPU.Build.0 = Release|Any CPU
		{7C54D5E9-D00F-4347-A71F-766CA8E63E96}.Debug|Any CPU.ActiveCfg = Debug|Any CPU
		{7C54D5E9-D00F-4347-A71F-766CA8E63E96}.Debug|Any CPU.Build.0 = Debug|Any CPU
		{7C54D5E9-D00F-4347-A71F-766CA8E63E96}.Release|Any CPU.ActiveCfg = Release|Any CPU
		{7C54D5E9-D00F-4347-A71F-766CA8E63E96}.Release|Any CPU.Build.0 = Release|Any CPU
		{462D78A7-C3DA-4805-9206-444FC1DBF29D}.Debug|Any CPU.ActiveCfg = Debug|Any CPU
		{462D78A7-C3DA-4805-9206-444FC1DBF29D}.Debug|Any CPU.Build.0 = Debug|Any CPU
		{462D78A7-C3DA-4805-9206-444FC1DBF29D}.Release|Any CPU.ActiveCfg = Release|Any CPU
		{462D78A7-C3DA-4805-9206-444FC1DBF29D}.Release|Any CPU.Build.0 = Release|Any CPU
		{40A5EFA0-F438-4CB2-8F38-40369681C8C5}.Debug|Any CPU.ActiveCfg = Debug|Any CPU
		{40A5EFA0-F438-4CB2-8F38-40369681C8C5}.Debug|Any CPU.Build.0 = Debug|Any CPU
		{40A5EFA0-F438-4CB2-8F38-40369681C8C5}.Release|Any CPU.ActiveCfg = Release|Any CPU
		{40A5EFA0-F438-4CB2-8F38-40369681C8C5}.Release|Any CPU.Build.0 = Release|Any CPU
		{9C058D17-0221-46BB-8D77-E1D121B6A2D4}.Debug|Any CPU.ActiveCfg = Debug|Any CPU
		{9C058D17-0221-46BB-8D77-E1D121B6A2D4}.Debug|Any CPU.Build.0 = Debug|Any CPU
		{9C058D17-0221-46BB-8D77-E1D121B6A2D4}.Release|Any CPU.ActiveCfg = Release|Any CPU
		{9C058D17-0221-46BB-8D77-E1D121B6A2D4}.Release|Any CPU.Build.0 = Release|Any CPU
		{F4D7C46F-1237-43BC-AEAB-E8DC8490D07A}.Debug|Any CPU.ActiveCfg = Debug|Any CPU
		{F4D7C46F-1237-43BC-AEAB-E8DC8490D07A}.Debug|Any CPU.Build.0 = Debug|Any CPU
		{F4D7C46F-1237-43BC-AEAB-E8DC8490D07A}.Release|Any CPU.ActiveCfg = Release|Any CPU
		{F4D7C46F-1237-43BC-AEAB-E8DC8490D07A}.Release|Any CPU.Build.0 = Release|Any CPU
		{3CF76346-92FE-4A65-8F06-855F1085E296}.Debug|Any CPU.ActiveCfg = Debug|Any CPU
		{3CF76346-92FE-4A65-8F06-855F1085E296}.Debug|Any CPU.Build.0 = Debug|Any CPU
		{3CF76346-92FE-4A65-8F06-855F1085E296}.Release|Any CPU.ActiveCfg = Release|Any CPU
		{3CF76346-92FE-4A65-8F06-855F1085E296}.Release|Any CPU.Build.0 = Release|Any CPU
	EndGlobalSection
	GlobalSection(SolutionProperties) = preSolution
		HideSolutionNode = FALSE
	EndGlobalSection
	GlobalSection(NestedProjects) = preSolution
		{29F5296B-5DAF-49AB-AE1F-91709879FC29} = {63A88456-9A51-45DD-A3BE-FE365C7A828E}
		{170F09B1-E395-4EE0-B664-0744A8DFB7DC} = {63A88456-9A51-45DD-A3BE-FE365C7A828E}
		{DE38ACF5-073E-4E5E-9B16-4C3CC1A2FCDC} = {63A88456-9A51-45DD-A3BE-FE365C7A828E}
		{4B35E118-62E1-4E04-BBFC-390F2A01B8C3} = {63A88456-9A51-45DD-A3BE-FE365C7A828E}
		{FC35406E-0C52-4F0A-8A19-0D11A63EB93E} = {082EC6BB-3085-40EE-8B0C-1A32F25AD5C3}
		{082EC6BB-3085-40EE-8B0C-1A32F25AD5C3} = {4B35E118-62E1-4E04-BBFC-390F2A01B8C3}
		{83CDB98A-E329-49CB-8EF6-34E4484ED36B} = {4B35E118-62E1-4E04-BBFC-390F2A01B8C3}
		{BA7C380B-03A8-498D-BEFC-DC80E71CB098} = {4B35E118-62E1-4E04-BBFC-390F2A01B8C3}
		{5A39BFC9-635B-4092-A6D1-E784AA3047AD} = {4B35E118-62E1-4E04-BBFC-390F2A01B8C3}
		{CD05A48B-87B8-4698-AF13-F9D584E94B7D} = {5A39BFC9-635B-4092-A6D1-E784AA3047AD}
		{CF44C58E-DB9C-4DF8-97A5-E688DB4BE343} = {BA7C380B-03A8-498D-BEFC-DC80E71CB098}
		{CE716C99-E105-47E2-BF60-325696653A72} = {83CDB98A-E329-49CB-8EF6-34E4484ED36B}
		{669CD5D3-6650-4546-B1D7-B5D9C54BB4A7} = {63A88456-9A51-45DD-A3BE-FE365C7A828E}
		{10C7486E-042A-4013-9B11-A3FB0B37E148} = {669CD5D3-6650-4546-B1D7-B5D9C54BB4A7}
		{362F6472-4BA6-409A-8AB6-684D0550460C} = {669CD5D3-6650-4546-B1D7-B5D9C54BB4A7}
		{BBA0D0BE-F498-42E2-8554-771C184B8710} = {669CD5D3-6650-4546-B1D7-B5D9C54BB4A7}
		{51AD7699-DFBE-43A8-ABB1-D7DFFF9B31CD} = {83CDB98A-E329-49CB-8EF6-34E4484ED36B}
		{E5B9FF4B-CAF2-4266-8509-3B556536C860} = {F342A267-AE0A-43F1-AD1C-1B68825BE9D8}
		{6C8F536B-4B1B-437E-9CD6-7FA37C3D2B8B} = {4B35E118-62E1-4E04-BBFC-390F2A01B8C3}
		{7C54D5E9-D00F-4347-A71F-766CA8E63E96} = {6C8F536B-4B1B-437E-9CD6-7FA37C3D2B8B}
		{4D14AE72-CC59-4D90-8425-49F4F4AF4173} = {29F5296B-5DAF-49AB-AE1F-91709879FC29}
		{BDDE28D9-BBB5-477B-B905-465A20958F7F} = {29F5296B-5DAF-49AB-AE1F-91709879FC29}
		{0CB98A81-16EA-478B-8491-A669D3D46B84} = {29F5296B-5DAF-49AB-AE1F-91709879FC29}
		{6911E0D4-BB7E-4B6C-A08F-0045FBCF9463} = {29F5296B-5DAF-49AB-AE1F-91709879FC29}
		{462D78A7-C3DA-4805-9206-444FC1DBF29D} = {6911E0D4-BB7E-4B6C-A08F-0045FBCF9463}
		{40A5EFA0-F438-4CB2-8F38-40369681C8C5} = {BDDE28D9-BBB5-477B-B905-465A20958F7F}
		{9C058D17-0221-46BB-8D77-E1D121B6A2D4} = {BDDE28D9-BBB5-477B-B905-465A20958F7F}
		{F4D7C46F-1237-43BC-AEAB-E8DC8490D07A} = {4D14AE72-CC59-4D90-8425-49F4F4AF4173}
		{3CF76346-92FE-4A65-8F06-855F1085E296} = {0CB98A81-16EA-478B-8491-A669D3D46B84}
	EndGlobalSection
	GlobalSection(ExtensibilityGlobals) = postSolution
		SolutionGuid = {FF01C028-B0D3-467D-AC87-59511631335D}
	EndGlobalSection
EndGlobal
